
Microsoft Visual Studio Solution File, Format Version 12.00
# Visual Studio Version 17
VisualStudioVersion = 17.2.32630.192
MinimumVisualStudioVersion = 10.0.40219.1
Project("{FAE04EC0-301F-11D3-BF4B-00C04F79EFBC}") = "ais_client", "ais_client\ais_client.csproj", "{7D186EF9-3751-4967-BAE0-16D9FEA8FCE9}"
EndProject
Global
	GlobalSection(SolutionConfigurationPlatforms) = preSolution
		Debug|Any CPU = Debug|Any CPU
		Release|Any CPU = Release|Any CPU
	EndGlobalSection
	GlobalSection(ProjectConfigurationPlatforms) = postSolution
		{7D186EF9-3751-4967-BAE0-16D9FEA8FCE9}.Debug|Any CPU.ActiveCfg = Debug|Any CPU
		{7D186EF9-3751-4967-BAE0-16D9FEA8FCE9}.Debug|Any CPU.Build.0 = Debug|Any CPU
		{7D186EF9-3751-4967-BAE0-16D9FEA8FCE9}.Release|Any CPU.ActiveCfg = Release|Any CPU
		{7D186EF9-3751-4967-BAE0-16D9FEA8FCE9}.Release|Any CPU.Build.0 = Release|Any CPU
	EndGlobalSection
	GlobalSection(SolutionProperties) = preSolution
		HideSolutionNode = FALSE
	EndGlobalSection
	GlobalSection(ExtensibilityGlobals) = postSolution
		SolutionGuid = {6F658BFF-8EC3-4D8E-882A-FEA69F1275EA}
	EndGlobalSection
EndGlobal
